
Microsoft Visual Studio Solution File, Format Version 12.00
# Visual Studio Version 17
VisualStudioVersion = 17.3.32825.248
MinimumVisualStudioVersion = 10.0.40219.1
Project("{9A19103F-16F7-4668-BE54-9A1E7A4F7556}") = "API", "API\API.csproj", "{63776F39-9C7F-4D4B-9091-DB880BC44E7E}"
EndProject
Project("{FAE04EC0-301F-11D3-BF4B-00C04F79EFBC}") = "TestProject1", "TestProject1\TestProject1.csproj", "{55FFEA28-9DD8-4868-8CD0-C4638ABD7FD1}"
EndProject
Global
	GlobalSection(SolutionConfigurationPlatforms) = preSolution
		Debug|Any CPU = Debug|Any CPU
		Release|Any CPU = Release|Any CPU
	EndGlobalSection
	GlobalSection(ProjectConfigurationPlatforms) = postSolution
		{63776F39-9C7F-4D4B-9091-DB880BC44E7E}.Debug|Any CPU.ActiveCfg = Debug|Any CPU
		{63776F39-9C7F-4D4B-9091-DB880BC44E7E}.Debug|Any CPU.Build.0 = Debug|Any CPU
		{63776F39-9C7F-4D4B-9091-DB880BC44E7E}.Release|Any CPU.ActiveCfg = Release|Any CPU
		{63776F39-9C7F-4D4B-9091-DB880BC44E7E}.Release|Any CPU.Build.0 = Release|Any CPU
		{55FFEA28-9DD8-4868-8CD0-C4638ABD7FD1}.Debug|Any CPU.ActiveCfg = Debug|Any CPU
		{55FFEA28-9DD8-4868-8CD0-C4638ABD7FD1}.Debug|Any CPU.Build.0 = Debug|Any CPU
		{55FFEA28-9DD8-4868-8CD0-C4638ABD7FD1}.Release|Any CPU.ActiveCfg = Release|Any CPU
		{55FFEA28-9DD8-4868-8CD0-C4638ABD7FD1}.Release|Any CPU.Build.0 = Release|Any CPU
	EndGlobalSection
	GlobalSection(SolutionProperties) = preSolution
		HideSolutionNode = FALSE
	EndGlobalSection
	GlobalSection(ExtensibilityGlobals) = postSolution
		SolutionGuid = {A9BAF33A-9C2C-40CF-9ECB-2E034E8E89D3}
	EndGlobalSection
EndGlobal
